// !$*UTF8*$!
{
	archiveVersion = 1;
	classes = {
	};
	objectVersion = 46;
	objects = {

/* Begin PBXBuildFile section */
		34039E201DD1C0650018CE04 /* AppDelegate.swift in Sources */ = {isa = PBXBuildFile; fileRef = 34039E1F1DD1C0650018CE04 /* AppDelegate.swift */; };
		34039E221DD1C0650018CE04 /* ViewController.swift in Sources */ = {isa = PBXBuildFile; fileRef = 34039E211DD1C0650018CE04 /* ViewController.swift */; };
		34039E251DD1C0650018CE04 /* Main.storyboard in Resources */ = {isa = PBXBuildFile; fileRef = 34039E231DD1C0650018CE04 /* Main.storyboard */; };
		34039E271DD1C0650018CE04 /* Assets.xcassets in Resources */ = {isa = PBXBuildFile; fileRef = 34039E261DD1C0650018CE04 /* Assets.xcassets */; };
		34039E2A1DD1C0650018CE04 /* LaunchScreen.storyboard in Resources */ = {isa = PBXBuildFile; fileRef = 34039E281DD1C0650018CE04 /* LaunchScreen.storyboard */; };
/* End PBXBuildFile section */

/* Begin PBXFileReference section */
		34039E1C1DD1C0650018CE04 /* MyCal.app */ = {isa = PBXFileReference; explicitFileType = wrapper.application; includeInIndex = 0; path = MyCal.app; sourceTree = BUILT_PRODUCTS_DIR; };
		34039E1F1DD1C0650018CE04 /* AppDelegate.swift */ = {isa = PBXFileReference; lastKnownFileType = sourcecode.swift; path = AppDelegate.swift; sourceTree = "<group>"; };
		34039E211DD1C0650018CE04 /* ViewController.swift */ = {isa = PBXFileReference; lastKnownFileType = sourcecode.swift; path = ViewController.swift; sourceTree = "<group>"; };
		34039E241DD1C0650018CE04 /* Base */ = {isa = PBXFileReference; lastKnownFileType = file.storyboard; name = Base; path = Base.lproj/Main.storyboard; sourceTree = "<group>"; };
		34039E261DD1C0650018CE04 /* Assets.xcassets */ = {isa = PBXFileReference; lastKnownFileType = folder.assetcatalog; path = Assets.xcassets; sourceTree = "<group>"; };
		34039E291DD1C0650018CE04 /* Base */ = {isa = PBXFileReference; lastKnownFileType = file.storyboard; name = Base; path = Base.lproj/LaunchScreen.storyboard; sourceTree = "<group>"; };
		34039E2B1DD1C0650018CE04 /* Info.plist */ = {isa = PBXFileReference; lastKnownFileType = text.plist.xml; path = Info.plist; sourceTree = "<group>"; };
/* End PBXFileReference section */

/* Begin PBXFrameworksBuildPhase section */
		34039E191DD1C0650018CE04 /* Frameworks */ = {
			isa = PBXFrameworksBuildPhase;
			buildActionMask = 2147483647;
			files = (
			);
			runOnlyForDeploymentPostprocessing = 0;
		};
/* End PBXFrameworksBuildPhase section */

/* Begin PBXGroup section */
		34039E131DD1C0650018CE04 = {
			isa = PBXGroup;
			children = (
				34039E1E1DD1C0650018CE04 /* MyCal */,
				34039E1D1DD1C0650018CE04 /* Products */,
			);
			sourceTree = "<group>";
		};
		34039E1D1DD1C0650018CE04 /* Products */ = {
			isa = PBXGroup;
			children = (
				34039E1C1DD1C0650018CE04 /* MyCal.app */,
			);
			name = Products;
			sourceTree = "<group>";
		};
		34039E1E1DD1C0650018CE04 /* MyCal */ = {
			isa = PBXGroup;
			children = (
				34039E311DD1C0C50018CE04 /* Supporting Files */,
				34039E211DD1C0650018CE04 /* ViewController.swift */,
				34039E231DD1C0650018CE04 /* Main.storyboard */,
			);
			path = MyCal;
			sourceTree = "<group>";
		};
		34039E311DD1C0C50018CE04 /* Supporting Files */ = {
			isa = PBXGroup;
			children = (
				34039E1F1DD1C0650018CE04 /* AppDelegate.swift */,
				34039E261DD1C0650018CE04 /* Assets.xcassets */,
				34039E281DD1C0650018CE04 /* LaunchScreen.storyboard */,
				34039E2B1DD1C0650018CE04 /* Info.plist */,
			);
			name = "Supporting Files";
			sourceTree = "<group>";
		};
/* End PBXGroup section */

/* Begin PBXNativeTarget section */
		34039E1B1DD1C0650018CE04 /* MyCal */ = {
			isa = PBXNativeTarget;
			buildConfigurationList = 34039E2E1DD1C0650018CE04 /* Build configuration list for PBXNativeTarget "MyCal" */;
			buildPhases = (
				34039E181DD1C0650018CE04 /* Sources */,
				34039E191DD1C0650018CE04 /* Frameworks */,
				34039E1A1DD1C0650018CE04 /* Resources */,
			);
			buildRules = (
			);
			dependencies = (
			);
			name = MyCal;
			productName = MyCal;
			productReference = 34039E1C1DD1C0650018CE04 /* MyCal.app */;
			productType = "com.apple.product-type.application";
		};
/* End PBXNativeTarget section */

/* Begin PBXProject section */
		34039E141DD1C0650018CE04 /* Project object */ = {
			isa = PBXProject;
			attributes = {
				LastSwiftUpdateCheck = 0800;
				LastUpgradeCheck = 0810;
				ORGANIZATIONNAME = NJU;
				TargetAttributes = {
					34039E1B1DD1C0650018CE04 = {
						CreatedOnToolsVersion = 8.0;
						ProvisioningStyle = Automatic;
					};
				};
			};
			buildConfigurationList = 34039E171DD1C0650018CE04 /* Build configuration list for PBXProject "MyCal" */;
			compatibilityVersion = "Xcode 3.2";
			developmentRegion = English;
			hasScannedForEncodings = 0;
			knownRegions = (
				en,
				Base,
			);
			mainGroup = 34039E131DD1C0650018CE04;
			productRefGroup = 34039E1D1DD1C0650018CE04 /* Products */;
			projectDirPath = "";
			projectRoot = "";
			targets = (
				34039E1B1DD1C0650018CE04 /* MyCal */,
			);
		};
/* End PBXProject section */

/* Begin PBXResourcesBuildPhase section */
		34039E1A1DD1C0650018CE04 /* Resources */ = {
			isa = PBXResourcesBuildPhase;
			buildActionMask = 2147483647;
			files = (
				34039E2A1DD1C0650018CE04 /* LaunchScreen.storyboard in Resources */,
				34039E271DD1C0650018CE04 /* Assets.xcassets in Resources */,
				34039E251DD1C0650018CE04 /* Main.storyboard in Resources */,
			);
			runOnlyForDeploymentPostprocessing = 0;
		};
/* End PBXResourcesBuildPhase section */

/* Begin PBXSourcesBuildPhase section */
		34039E181DD1C0650018CE04 /* Sources */ = {
			isa = PBXSourcesBuildPhase;
			buildActionMask = 2147483647;
			files = (
				34039E221DD1C0650018CE04 /* ViewController.swift in Sources */,
				34039E201DD1C0650018CE04 /* AppDelegate.swift in Sources */,
			);
			runOnlyForDeploymentPostprocessing = 0;
		};
/* End PBXSourcesBuildPhase section */

/* Begin PBXVariantGroup section */
		34039E231DD1C0650018CE04 /* Main.storyboard */ = {
			isa = PBXVariantGroup;
			children = (
				34039E241DD1C0650018CE04 /* Base */,
			);
			name = Main.storyboard;
			sourceTree = "<group>";
		};
		34039E281DD1C0650018CE04 /* LaunchScreen.storyboard */ = {
			isa = PBXVariantGroup;
			children = (
				34039E291DD1C0650018CE04 /* Base */,
			);
			name = LaunchScreen.storyboard;
			sourceTree = "<group>";
		};
/* End PBXVariantGroup section */

/* Begin XCBuildConfiguration section */
		34039E2C1DD1C0650018CE04 /* Debug */ = {
			isa = XCBuildConfiguration;
			buildSettings = {
				ALWAYS_SEARCH_USER_PATHS = NO;
				CLANG_ANALYZER_NONNULL = YES;
				CLANG_CXX_LANGUAGE_STANDARD = "gnu++0x";
				CLANG_CXX_LIBRARY = "libc++";
				CLANG_ENABLE_MODULES = YES;
				CLANG_ENABLE_OBJC_ARC = YES;
				CLANG_WARN_BOOL_CONVERSION = YES;
				CLANG_WARN_CONSTANT_CONVERSION = YES;
				CLANG_WARN_DIRECT_OBJC_ISA_USAGE = YES_ERROR;
				CLANG_WARN_DOCUMENTATION_COMMENTS = YES;
				CLANG_WARN_EMPTY_BODY = YES;
				CLANG_WARN_ENUM_CONVERSION = YES;
				CLANG_WARN_INFINITE_RECURSION = YES;
				CLANG_WARN_INT_CONVERSION = YES;
				CLANG_WARN_OBJC_ROOT_CLASS = YES_ERROR;
				CLANG_WARN_SUSPICIOUS_MOVE = YES;
				CLANG_WARN_SUSPICIOUS_MOVES = YES;
				CLANG_WARN_UNREACHABLE_CODE = YES;
				CLANG_WARN__DUPLICATE_METHOD_MATCH = YES;
				"CODE_SIGN_IDENTITY[sdk=iphoneos*]" = "iPhone Developer";
				COPY_PHASE_STRIP = NO;
				DEBUG_INFORMATION_FORMAT = dwarf;
				ENABLE_STRICT_OBJC_MSGSEND = YES;
				ENABLE_TESTABILITY = YES;
				GCC_C_LANGUAGE_STANDARD = gnu99;
				GCC_DYNAMIC_NO_PIC = NO;
				GCC_NO_COMMON_BLOCKS = YES;
				GCC_OPTIMIZATION_LEVEL = 0;
				GCC_PREPROCESSOR_DEFINITIONS = (
					"DEBUG=1",
					"$(inherited)",
				);
				GCC_WARN_64_TO_32_BIT_CONVERSION = YES;
				GCC_WARN_ABOUT_RETURN_TYPE = YES_ERROR;
				GCC_WARN_UNDECLARED_SELECTOR = YES;
				GCC_WARN_UNINITIALIZED_AUTOS = YES_AGGRESSIVE;
				GCC_WARN_UNUSED_FUNCTION = YES;
				GCC_WARN_UNUSED_VARIABLE = YES;
				IPHONEOS_DEPLOYMENT_TARGET = 10.0;
				MTL_ENABLE_DEBUG_INFO = YES;
				ONLY_ACTIVE_ARCH = YES;
				SDKROOT = iphoneos;
				SWIFT_ACTIVE_COMPILATION_CONDITIONS = DEBUG;
				SWIFT_OPTIMIZATION_LEVEL = "-Onone";
				TARGETED_DEVICE_FAMILY = "1,2";
			};
			name = Debug;
		};
		34039E2D1DD1C0650018CE04 /* Release */ = {
			isa = XCBuildConfiguration;
			buildSettings = {
				ALWAYS_SEARCH_USER_PATHS = NO;
				CLANG_ANALYZER_NONNULL = YES;
				CLANG_CXX_LANGUAGE_STANDARD = "gnu++0x";
				CLANG_CXX_LIBRARY = "libc++";
				CLANG_ENABLE_MODULES = YES;
				CLANG_ENABLE_OBJC_ARC = YES;
				CLANG_WARN_BOOL_CONVERSION = YES;
				CLANG_WARN_CONSTANT_CONVERSION = YES;
				CLANG_WARN_DIRECT_OBJC_ISA_USAGE = YES_ERROR;
				CLANG_WARN_DOCUMENTATION_COMMENTS = YES;
				CLANG_WARN_EMPTY_BODY = YES;
				CLANG_WARN_ENUM_CONVERSION = YES;
				CLANG_WARN_INFINITE_RECURSION = YES;
				CLANG_WARN_INT_CONVERSION = YES;
				CLANG_WARN_OBJC_ROOT_CLASS = YES_ERROR;
				CLANG_WARN_SUSPICIOUS_MOVE = YES;
				CLANG_WARN_SUSPICIOUS_MOVES = YES;
				CLANG_WARN_UNREACHABLE_CODE = YES;
				CLANG_WARN__DUPLICATE_METHOD_MATCH = YES;
				"CODE_SIGN_IDENTITY[sdk=iphoneos*]" = "iPhone Developer";
				COPY_PHASE_STRIP = NO;
				DEBUG_INFORMATION_FORMAT = "dwarf-with-dsym";
				ENABLE_NS_ASSERTIONS = NO;
				ENABLE_STRICT_OBJC_MSGSEND = YES;
				GCC_C_LANGUAGE_STANDARD = gnu99;
				GCC_NO_COMMON_BLOCKS = YES;
				GCC_WARN_64_TO_32_BIT_CONVERSION = YES;
				GCC_WARN_ABOUT_RETURN_TYPE = YES_ERROR;
				GCC_WARN_UNDECLARED_SELECTOR = YES;
				GCC_WARN_UNINITIALIZED_AUTOS = YES_AGGRESSIVE;
				GCC_WARN_UNUSED_FUNCTION = YES;
				GCC_WARN_UNUSED_VARIABLE = YES;
				IPHONEOS_DEPLOYMENT_TARGET = 10.0;
				MTL_ENABLE_DEBUG_INFO = NO;
				SDKROOT = iphoneos;
				SWIFT_OPTIMIZATION_LEVEL = "-Owholemodule";
				TARGETED_DEVICE_FAMILY = "1,2";
				VALIDATE_PRODUCT = YES;
			};
			name = Release;
		};
		34039E2F1DD1C0650018CE04 /* Debug */ = {
			isa = XCBuildConfiguration;
			buildSettings = {
				ASSETCATALOG_COMPILER_APPICON_NAME = AppIcon;
				INFOPLIST_FILE = MyCal/Info.plist;
				LD_RUNPATH_SEARCH_PATHS = "$(inherited) @executable_path/Frameworks";
				PRODUCT_BUNDLE_IDENTIFIER = cn.edu.nju.MyCal;
				PRODUCT_NAME = "$(TARGET_NAME)";
				SWIFT_VERSION = 3.0;
			};
			name = Debug;
		};
		34039E301DD1C0650018CE04 /* Release */ = {
			isa = XCBuildConfiguration;
			buildSettings = {
				ASSETCATALOG_COMPILER_APPICON_NAME = AppIcon;
				INFOPLIST_FILE = MyCal/Info.plist;
				LD_RUNPATH_SEARCH_PATHS = "$(inherited) @executable_path/Frameworks";
				PRODUCT_BUNDLE_IDENTIFIER = cn.edu.nju.MyCal;
				PRODUCT_NAME = "$(TARGET_NAME)";
				SWIFT_VERSION = 3.0;
			};
			name = Release;
		};
/* End XCBuildConfiguration section */

/* Begin XCConfigurationList section */
		34039E171DD1C0650018CE04 /* Build configuration list for PBXProject "MyCal" */ = {
			isa = XCConfigurationList;
			buildConfigurations = (
				34039E2C1DD1C0650018CE04 /* Debug */,
				34039E2D1DD1C0650018CE04 /* Release */,
			);
			defaultConfigurationIsVisible = 0;
			defaultConfigurationName = Release;
		};
		34039E2E1DD1C0650018CE04 /* Build configuration list for PBXNativeTarget "MyCal" */ = {
			isa = XCConfigurationList;
			buildConfigurations = (
				34039E2F1DD1C0650018CE04 /* Debug */,
				34039E301DD1C0650018CE04 /* Release */,
			);
			defaultConfigurationIsVisible = 0;
			defaultConfigurationName = Release;
		};
/* End XCConfigurationList section */
	};
	rootObject = 34039E141DD1C0650018CE04 /* Project object */;
}
